// !$*UTF8*$!
{
	archiveVersion = 1;
	classes = {
	};
	objectVersion = 46;
	objects = {

/* Begin PBXBuildFile section */
		9D2DF0821C21E9B40057C22E /* main.m in Sources */ = {isa = PBXBuildFile; fileRef = 9D2DF0811C21E9B40057C22E /* main.m */; };
		9D2DF0851C21E9B40057C22E /* AppDelegate.m in Sources */ = {isa = PBXBuildFile; fileRef = 9D2DF0841C21E9B40057C22E /* AppDelegate.m */; };
		9D2DF0881C21E9B40057C22E /* ViewController.m in Sources */ = {isa = PBXBuildFile; fileRef = 9D2DF0871C21E9B40057C22E /* ViewController.m */; };
		9D2DF08B1C21E9B50057C22E /* Main.storyboard in Resources */ = {isa = PBXBuildFile; fileRef = 9D2DF0891C21E9B40057C22E /* Main.storyboard */; };
		9D2DF08D1C21E9B50057C22E /* Assets.xcassets in Resources */ = {isa = PBXBuildFile; fileRef = 9D2DF08C1C21E9B50057C22E /* Assets.xcassets */; };
		9D2DF0901C21E9B50057C22E /* LaunchScreen.storyboard in Resources */ = {isa = PBXBuildFile; fileRef = 9D2DF08E1C21E9B50057C22E /* LaunchScreen.storyboard */; };
		9D2DF0991C21E9E80057C22E /* MainViewController.m in Sources */ = {isa = PBXBuildFile; fileRef = 9D2DF0981C21E9E80057C22E /* MainViewController.m */; };
		9D2DF09C1C21E9F00057C22E /* GallerView.m in Sources */ = {isa = PBXBuildFile; fileRef = 9D2DF09B1C21E9F00057C22E /* GallerView.m */; };
		9D2DF09F1C21EA9B0057C22E /* GalleryViewController.m in Sources */ = {isa = PBXBuildFile; fileRef = 9D2DF09E1C21EA9B0057C22E /* GalleryViewController.m */; };
		9D3052831C22BEBC005F83D0 /* Bariol_Regular.otf in Resources */ = {isa = PBXBuildFile; fileRef = 9D3052811C22BEB3005F83D0 /* Bariol_Regular.otf */; };
		9D3052841C22BEBC005F83D0 /* Bariol-Bold.otf in Resources */ = {isa = PBXBuildFile; fileRef = 9D3052821C22BEB3005F83D0 /* Bariol-Bold.otf */; };
		9DC30F491C2207650072A86B /* CardView.m in Sources */ = {isa = PBXBuildFile; fileRef = 9DC30F481C2207650072A86B /* CardView.m */; };
/* End PBXBuildFile section */

/* Begin PBXFileReference section */
		9D2DF07D1C21E9B30057C22E /* Stripmuseumv2.app */ = {isa = PBXFileReference; explicitFileType = wrapper.application; includeInIndex = 0; path = Stripmuseumv2.app; sourceTree = BUILT_PRODUCTS_DIR; };
		9D2DF0811C21E9B40057C22E /* main.m */ = {isa = PBXFileReference; lastKnownFileType = sourcecode.c.objc; path = main.m; sourceTree = "<group>"; };
		9D2DF0831C21E9B40057C22E /* AppDelegate.h */ = {isa = PBXFileReference; lastKnownFileType = sourcecode.c.h; path = AppDelegate.h; sourceTree = "<group>"; };
		9D2DF0841C21E9B40057C22E /* AppDelegate.m */ = {isa = PBXFileReference; lastKnownFileType = sourcecode.c.objc; path = AppDelegate.m; sourceTree = "<group>"; };
		9D2DF0861C21E9B40057C22E /* ViewController.h */ = {isa = PBXFileReference; lastKnownFileType = sourcecode.c.h; path = ViewController.h; sourceTree = "<group>"; };
		9D2DF0871C21E9B40057C22E /* ViewController.m */ = {isa = PBXFileReference; lastKnownFileType = sourcecode.c.objc; path = ViewController.m; sourceTree = "<group>"; };
		9D2DF08A1C21E9B50057C22E /* Base */ = {isa = PBXFileReference; lastKnownFileType = file.storyboard; name = Base; path = Base.lproj/Main.storyboard; sourceTree = "<group>"; };
		9D2DF08C1C21E9B50057C22E /* Assets.xcassets */ = {isa = PBXFileReference; lastKnownFileType = folder.assetcatalog; path = Assets.xcassets; sourceTree = "<group>"; };
		9D2DF08F1C21E9B50057C22E /* Base */ = {isa = PBXFileReference; lastKnownFileType = file.storyboard; name = Base; path = Base.lproj/LaunchScreen.storyboard; sourceTree = "<group>"; };
		9D2DF0911C21E9B50057C22E /* Info.plist */ = {isa = PBXFileReference; lastKnownFileType = text.plist.xml; path = Info.plist; sourceTree = "<group>"; };
		9D2DF0971C21E9E80057C22E /* MainViewController.h */ = {isa = PBXFileReference; fileEncoding = 4; lastKnownFileType = sourcecode.c.h; path = MainViewController.h; sourceTree = "<group>"; };
		9D2DF0981C21E9E80057C22E /* MainViewController.m */ = {isa = PBXFileReference; fileEncoding = 4; lastKnownFileType = sourcecode.c.objc; path = MainViewController.m; sourceTree = "<group>"; };
		9D2DF09A1C21E9F00057C22E /* GallerView.h */ = {isa = PBXFileReference; fileEncoding = 4; lastKnownFileType = sourcecode.c.h; path = GallerView.h; sourceTree = "<group>"; };
		9D2DF09B1C21E9F00057C22E /* GallerView.m */ = {isa = PBXFileReference; fileEncoding = 4; lastKnownFileType = sourcecode.c.objc; path = GallerView.m; sourceTree = "<group>"; };
		9D2DF09D1C21EA9B0057C22E /* GalleryViewController.h */ = {isa = PBXFileReference; fileEncoding = 4; lastKnownFileType = sourcecode.c.h; path = GalleryViewController.h; sourceTree = "<group>"; };
		9D2DF09E1C21EA9B0057C22E /* GalleryViewController.m */ = {isa = PBXFileReference; fileEncoding = 4; lastKnownFileType = sourcecode.c.objc; path = GalleryViewController.m; sourceTree = "<group>"; };
		9D3052811C22BEB3005F83D0 /* Bariol_Regular.otf */ = {isa = PBXFileReference; lastKnownFileType = file; path = Bariol_Regular.otf; sourceTree = "<group>"; };
		9D3052821C22BEB3005F83D0 /* Bariol-Bold.otf */ = {isa = PBXFileReference; lastKnownFileType = file; path = "Bariol-Bold.otf"; sourceTree = "<group>"; };
		9DC30F471C2207650072A86B /* CardView.h */ = {isa = PBXFileReference; fileEncoding = 4; lastKnownFileType = sourcecode.c.h; path = CardView.h; sourceTree = "<group>"; };
		9DC30F481C2207650072A86B /* CardView.m */ = {isa = PBXFileReference; fileEncoding = 4; lastKnownFileType = sourcecode.c.objc; path = CardView.m; sourceTree = "<group>"; };
		9DF9C2EC1C22A545000AE1FA /* Bariol_Regular.otf */ = {isa = PBXFileReference; lastKnownFileType = file; path = Bariol_Regular.otf; sourceTree = "<group>"; };
		9DF9C2ED1C22A545000AE1FA /* Bariol-Bold.otf */ = {isa = PBXFileReference; lastKnownFileType = file; path = "Bariol-Bold.otf"; sourceTree = "<group>"; };
		9DF9C2F51C22AE5E000AE1FA /* Bariol_Regular.ttf */ = {isa = PBXFileReference; lastKnownFileType = file; path = Bariol_Regular.ttf; sourceTree = "<group>"; };
/* End PBXFileReference section */

/* Begin PBXFrameworksBuildPhase section */
		9D2DF07A1C21E9B30057C22E /* Frameworks */ = {
			isa = PBXFrameworksBuildPhase;
			buildActionMask = 2147483647;
			files = (
			);
			runOnlyForDeploymentPostprocessing = 0;
		};
/* End PBXFrameworksBuildPhase section */

/* Begin PBXGroup section */
		9D2DF0741C21E9B30057C22E = {
			isa = PBXGroup;
			children = (
				9DF9C2EE1C22A55E000AE1FA /* fonts */,
				9D2DF07F1C21E9B30057C22E /* Stripmuseumv2 */,
				9D2DF07E1C21E9B30057C22E /* Products */,
			);
			sourceTree = "<group>";
		};
		9D2DF07E1C21E9B30057C22E /* Products */ = {
			isa = PBXGroup;
			children = (
				9D2DF07D1C21E9B30057C22E /* Stripmuseumv2.app */,
			);
			name = Products;
			sourceTree = "<group>";
		};
		9D2DF07F1C21E9B30057C22E /* Stripmuseumv2 */ = {
			isa = PBXGroup;
			children = (
				9D2DF0971C21E9E80057C22E /* MainViewController.h */,
				9D2DF0981C21E9E80057C22E /* MainViewController.m */,
				9D2DF09A1C21E9F00057C22E /* GallerView.h */,
				9D2DF09B1C21E9F00057C22E /* GallerView.m */,
				9D2DF0831C21E9B40057C22E /* AppDelegate.h */,
				9D2DF0841C21E9B40057C22E /* AppDelegate.m */,
				9D2DF0861C21E9B40057C22E /* ViewController.h */,
				9D2DF0871C21E9B40057C22E /* ViewController.m */,
				9D2DF0891C21E9B40057C22E /* Main.storyboard */,
				9D2DF08C1C21E9B50057C22E /* Assets.xcassets */,
				9D2DF08E1C21E9B50057C22E /* LaunchScreen.storyboard */,
				9D2DF0911C21E9B50057C22E /* Info.plist */,
				9DF9C2F51C22AE5E000AE1FA /* Bariol_Regular.ttf */,
				9D2DF0801C21E9B40057C22E /* Supporting Files */,
				9D2DF09D1C21EA9B0057C22E /* GalleryViewController.h */,
				9D2DF09E1C21EA9B0057C22E /* GalleryViewController.m */,
				9DC30F471C2207650072A86B /* CardView.h */,
				9DC30F481C2207650072A86B /* CardView.m */,
			);
			path = Stripmuseumv2;
			sourceTree = "<group>";
		};
		9D2DF0801C21E9B40057C22E /* Supporting Files */ = {
			isa = PBXGroup;
			children = (
				9DF9C2EC1C22A545000AE1FA /* Bariol_Regular.otf */,
				9DF9C2ED1C22A545000AE1FA /* Bariol-Bold.otf */,
				9D2DF0811C21E9B40057C22E /* main.m */,
			);
			name = "Supporting Files";
			sourceTree = "<group>";
		};
		9DF9C2EE1C22A55E000AE1FA /* fonts */ = {
			isa = PBXGroup;
			children = (
				9D3052811C22BEB3005F83D0 /* Bariol_Regular.otf */,
				9D3052821C22BEB3005F83D0 /* Bariol-Bold.otf */,
			);
			name = fonts;
			sourceTree = "<group>";
		};
/* End PBXGroup section */

/* Begin PBXNativeTarget section */
		9D2DF07C1C21E9B30057C22E /* Stripmuseumv2 */ = {
			isa = PBXNativeTarget;
			buildConfigurationList = 9D2DF0941C21E9B50057C22E /* Build configuration list for PBXNativeTarget "Stripmuseumv2" */;
			buildPhases = (
				9D2DF0791C21E9B30057C22E /* Sources */,
				9D2DF07A1C21E9B30057C22E /* Frameworks */,
				9D2DF07B1C21E9B30057C22E /* Resources */,
			);
			buildRules = (
			);
			dependencies = (
			);
			name = Stripmuseumv2;
			productName = Stripmuseumv2;
			productReference = 9D2DF07D1C21E9B30057C22E /* Stripmuseumv2.app */;
			productType = "com.apple.product-type.application";
		};
/* End PBXNativeTarget section */

/* Begin PBXProject section */
		9D2DF0751C21E9B30057C22E /* Project object */ = {
			isa = PBXProject;
			attributes = {
				LastUpgradeCheck = 0720;
				ORGANIZATIONNAME = "Rachouan Rejeb";
				TargetAttributes = {
					9D2DF07C1C21E9B30057C22E = {
						CreatedOnToolsVersion = 7.2;
					};
				};
			};
			buildConfigurationList = 9D2DF0781C21E9B30057C22E /* Build configuration list for PBXProject "Stripmuseumv2" */;
			compatibilityVersion = "Xcode 3.2";
			developmentRegion = English;
			hasScannedForEncodings = 0;
			knownRegions = (
				en,
				Base,
			);
			mainGroup = 9D2DF0741C21E9B30057C22E;
			productRefGroup = 9D2DF07E1C21E9B30057C22E /* Products */;
			projectDirPath = "";
			projectRoot = "";
			targets = (
				9D2DF07C1C21E9B30057C22E /* Stripmuseumv2 */,
			);
		};
/* End PBXProject section */

/* Begin PBXResourcesBuildPhase section */
		9D2DF07B1C21E9B30057C22E /* Resources */ = {
			isa = PBXResourcesBuildPhase;
			buildActionMask = 2147483647;
			files = (
				9D3052831C22BEBC005F83D0 /* Bariol_Regular.otf in Resources */,
				9D3052841C22BEBC005F83D0 /* Bariol-Bold.otf in Resources */,
				9D2DF0901C21E9B50057C22E /* LaunchScreen.storyboard in Resources */,
				9D2DF08D1C21E9B50057C22E /* Assets.xcassets in Resources */,
				9D2DF08B1C21E9B50057C22E /* Main.storyboard in Resources */,
			);
			runOnlyForDeploymentPostprocessing = 0;
		};
/* End PBXResourcesBuildPhase section */

/* Begin PBXSourcesBuildPhase section */
		9D2DF0791C21E9B30057C22E /* Sources */ = {
			isa = PBXSourcesBuildPhase;
			buildActionMask = 2147483647;
			files = (
				9D2DF0881C21E9B40057C22E /* ViewController.m in Sources */,
				9D2DF0851C21E9B40057C22E /* AppDelegate.m in Sources */,
				9D2DF0821C21E9B40057C22E /* main.m in Sources */,
				9D2DF09C1C21E9F00057C22E /* GallerView.m in Sources */,
				9D2DF0991C21E9E80057C22E /* MainViewController.m in Sources */,
				9D2DF09F1C21EA9B0057C22E /* GalleryViewController.m in Sources */,
				9DC30F491C2207650072A86B /* CardView.m in Sources */,
			);
			runOnlyForDeploymentPostprocessing = 0;
		};
/* End PBXSourcesBuildPhase section */

/* Begin PBXVariantGroup section */
		9D2DF0891C21E9B40057C22E /* Main.storyboard */ = {
			isa = PBXVariantGroup;
			children = (
				9D2DF08A1C21E9B50057C22E /* Base */,
			);
			name = Main.storyboard;
			sourceTree = "<group>";
		};
		9D2DF08E1C21E9B50057C22E /* LaunchScreen.storyboard */ = {
			isa = PBXVariantGroup;
			children = (
				9D2DF08F1C21E9B50057C22E /* Base */,
			);
			name = LaunchScreen.storyboard;
			sourceTree = "<group>";
		};
/* End PBXVariantGroup section */

/* Begin XCBuildConfiguration section */
		9D2DF0921C21E9B50057C22E /* Debug */ = {
			isa = XCBuildConfiguration;
			buildSettings = {
				ALWAYS_SEARCH_USER_PATHS = NO;
				CLANG_CXX_LANGUAGE_STANDARD = "gnu++0x";
				CLANG_CXX_LIBRARY = "libc++";
				CLANG_ENABLE_MODULES = YES;
				CLANG_ENABLE_OBJC_ARC = YES;
				CLANG_WARN_BOOL_CONVERSION = YES;
				CLANG_WARN_CONSTANT_CONVERSION = YES;
				CLANG_WARN_DIRECT_OBJC_ISA_USAGE = YES_ERROR;
				CLANG_WARN_EMPTY_BODY = YES;
				CLANG_WARN_ENUM_CONVERSION = YES;
				CLANG_WARN_INT_CONVERSION = YES;
				CLANG_WARN_OBJC_ROOT_CLASS = YES_ERROR;
				CLANG_WARN_UNREACHABLE_CODE = YES;
				CLANG_WARN__DUPLICATE_METHOD_MATCH = YES;
				"CODE_SIGN_IDENTITY[sdk=iphoneos*]" = "iPhone Developer";
				COPY_PHASE_STRIP = NO;
				DEBUG_INFORMATION_FORMAT = dwarf;
				ENABLE_STRICT_OBJC_MSGSEND = YES;
				ENABLE_TESTABILITY = YES;
				GCC_C_LANGUAGE_STANDARD = gnu99;
				GCC_DYNAMIC_NO_PIC = NO;
				GCC_NO_COMMON_BLOCKS = YES;
				GCC_OPTIMIZATION_LEVEL = 0;
				GCC_PREPROCESSOR_DEFINITIONS = (
					"DEBUG=1",
					"$(inherited)",
				);
				GCC_WARN_64_TO_32_BIT_CONVERSION = YES;
				GCC_WARN_ABOUT_RETURN_TYPE = YES_ERROR;
				GCC_WARN_UNDECLARED_SELECTOR = YES;
				GCC_WARN_UNINITIALIZED_AUTOS = YES_AGGRESSIVE;
				GCC_WARN_UNUSED_FUNCTION = YES;
				GCC_WARN_UNUSED_VARIABLE = YES;
				IPHONEOS_DEPLOYMENT_TARGET = 9.2;
				MTL_ENABLE_DEBUG_INFO = YES;
				ONLY_ACTIVE_ARCH = YES;
				SDKROOT = iphoneos;
			};
			name = Debug;
		};
		9D2DF0931C21E9B50057C22E /* Release */ = {
			isa = XCBuildConfiguration;
			buildSettings = {
				ALWAYS_SEARCH_USER_PATHS = NO;
				CLANG_CXX_LANGUAGE_STANDARD = "gnu++0x";
				CLANG_CXX_LIBRARY = "libc++";
				CLANG_ENABLE_MODULES = YES;
				CLANG_ENABLE_OBJC_ARC = YES;
				CLANG_WARN_BOOL_CONVERSION = YES;
				CLANG_WARN_CONSTANT_CONVERSION = YES;
				CLANG_WARN_DIRECT_OBJC_ISA_USAGE = YES_ERROR;
				CLANG_WARN_EMPTY_BODY = YES;
				CLANG_WARN_ENUM_CONVERSION = YES;
				CLANG_WARN_INT_CONVERSION = YES;
				CLANG_WARN_OBJC_ROOT_CLASS = YES_ERROR;
				CLANG_WARN_UNREACHABLE_CODE = YES;
				CLANG_WARN__DUPLICATE_METHOD_MATCH = YES;
				"CODE_SIGN_IDENTITY[sdk=iphoneos*]" = "iPhone Developer";
				COPY_PHASE_STRIP = NO;
				DEBUG_INFORMATION_FORMAT = "dwarf-with-dsym";
				ENABLE_NS_ASSERTIONS = NO;
				ENABLE_STRICT_OBJC_MSGSEND = YES;
				GCC_C_LANGUAGE_STANDARD = gnu99;
				GCC_NO_COMMON_BLOCKS = YES;
				GCC_WARN_64_TO_32_BIT_CONVERSION = YES;
				GCC_WARN_ABOUT_RETURN_TYPE = YES_ERROR;
				GCC_WARN_UNDECLARED_SELECTOR = YES;
				GCC_WARN_UNINITIALIZED_AUTOS = YES_AGGRESSIVE;
				GCC_WARN_UNUSED_FUNCTION = YES;
				GCC_WARN_UNUSED_VARIABLE = YES;
				IPHONEOS_DEPLOYMENT_TARGET = 9.2;
				MTL_ENABLE_DEBUG_INFO = NO;
				SDKROOT = iphoneos;
				VALIDATE_PRODUCT = YES;
			};
			name = Release;
		};
		9D2DF0951C21E9B50057C22E /* Debug */ = {
			isa = XCBuildConfiguration;
			buildSettings = {
				ASSETCATALOG_COMPILER_APPICON_NAME = AppIcon;
				INFOPLIST_FILE = Stripmuseumv2/Info.plist;
				LD_RUNPATH_SEARCH_PATHS = "$(inherited) @executable_path/Frameworks";
				PRODUCT_BUNDLE_IDENTIFIER = be.rachouan.Stripmuseumv2;
				PRODUCT_NAME = "$(TARGET_NAME)";
			};
			name = Debug;
		};
		9D2DF0961C21E9B50057C22E /* Release */ = {
			isa = XCBuildConfiguration;
			buildSettings = {
				ASSETCATALOG_COMPILER_APPICON_NAME = AppIcon;
				INFOPLIST_FILE = Stripmuseumv2/Info.plist;
				LD_RUNPATH_SEARCH_PATHS = "$(inherited) @executable_path/Frameworks";
				PRODUCT_BUNDLE_IDENTIFIER = be.rachouan.Stripmuseumv2;
				PRODUCT_NAME = "$(TARGET_NAME)";
			};
			name = Release;
		};
/* End XCBuildConfiguration section */

/* Begin XCConfigurationList section */
		9D2DF0781C21E9B30057C22E /* Build configuration list for PBXProject "Stripmuseumv2" */ = {
			isa = XCConfigurationList;
			buildConfigurations = (
				9D2DF0921C21E9B50057C22E /* Debug */,
				9D2DF0931C21E9B50057C22E /* Release */,
			);
			defaultConfigurationIsVisible = 0;
			defaultConfigurationName = Release;
		};
		9D2DF0941C21E9B50057C22E /* Build configuration list for PBXNativeTarget "Stripmuseumv2" */ = {
			isa = XCConfigurationList;
			buildConfigurations = (
				9D2DF0951C21E9B50057C22E /* Debug */,
				9D2DF0961C21E9B50057C22E /* Release */,
			);
			defaultConfigurationIsVisible = 0;
			defaultConfigurationName = Release;
		};
/* End XCConfigurationList section */
	};
	rootObject = 9D2DF0751C21E9B30057C22E /* Project object */;
}
